
Microsoft Visual Studio Solution File, Format Version 12.00
Project("{FAE04EC0-301F-11D3-BF4B-00C04F79EFBC}") = "PaintyTestContext.API", "PaintyTestContext.API\PaintyTestContext.API.csproj", "{9F7A9722-76A1-4062-9AB5-1929D17162AD}"
EndProject
Project("{FAE04EC0-301F-11D3-BF4B-00C04F79EFBC}") = "PaintyTestContext.Domain", "PaintyTestContext.Domain\PaintyTestContext.Domain.csproj", "{C8555691-32B7-4C5C-A377-A5BA6154EFE8}"
EndProject
Project("{FAE04EC0-301F-11D3-BF4B-00C04F79EFBC}") = "PaintyTestContext.Persistence", "PaintyTestContext.Persistence\PaintyTestContext.Persistence.csproj", "{C2A7EF92-ED34-4A9E-8ACE-6EFFB6485FE9}"
EndProject
Project("{FAE04EC0-301F-11D3-BF4B-00C04F79EFBC}") = "PaintyTestContext.Application", "PaintyTestContext.Application\PaintyTestContext.Application.csproj", "{C9474C3F-F6A3-4F22-AF0A-9E91AC29530F}"
EndProject
Global
	GlobalSection(SolutionConfigurationPlatforms) = preSolution
		Debug|Any CPU = Debug|Any CPU
		Release|Any CPU = Release|Any CPU
	EndGlobalSection
	GlobalSection(ProjectConfigurationPlatforms) = postSolution
		{9F7A9722-76A1-4062-9AB5-1929D17162AD}.Debug|Any CPU.ActiveCfg = Debug|Any CPU
		{9F7A9722-76A1-4062-9AB5-1929D17162AD}.Debug|Any CPU.Build.0 = Debug|Any CPU
		{9F7A9722-76A1-4062-9AB5-1929D17162AD}.Release|Any CPU.ActiveCfg = Release|Any CPU
		{9F7A9722-76A1-4062-9AB5-1929D17162AD}.Release|Any CPU.Build.0 = Release|Any CPU
		{C8555691-32B7-4C5C-A377-A5BA6154EFE8}.Debug|Any CPU.ActiveCfg = Debug|Any CPU
		{C8555691-32B7-4C5C-A377-A5BA6154EFE8}.Debug|Any CPU.Build.0 = Debug|Any CPU
		{C8555691-32B7-4C5C-A377-A5BA6154EFE8}.Release|Any CPU.ActiveCfg = Release|Any CPU
		{C8555691-32B7-4C5C-A377-A5BA6154EFE8}.Release|Any CPU.Build.0 = Release|Any CPU
		{C2A7EF92-ED34-4A9E-8ACE-6EFFB6485FE9}.Debug|Any CPU.ActiveCfg = Debug|Any CPU
		{C2A7EF92-ED34-4A9E-8ACE-6EFFB6485FE9}.Debug|Any CPU.Build.0 = Debug|Any CPU
		{C2A7EF92-ED34-4A9E-8ACE-6EFFB6485FE9}.Release|Any CPU.ActiveCfg = Release|Any CPU
		{C2A7EF92-ED34-4A9E-8ACE-6EFFB6485FE9}.Release|Any CPU.Build.0 = Release|Any CPU
		{C9474C3F-F6A3-4F22-AF0A-9E91AC29530F}.Debug|Any CPU.ActiveCfg = Debug|Any CPU
		{C9474C3F-F6A3-4F22-AF0A-9E91AC29530F}.Debug|Any CPU.Build.0 = Debug|Any CPU
		{C9474C3F-F6A3-4F22-AF0A-9E91AC29530F}.Release|Any CPU.ActiveCfg = Release|Any CPU
		{C9474C3F-F6A3-4F22-AF0A-9E91AC29530F}.Release|Any CPU.Build.0 = Release|Any CPU
	EndGlobalSection
EndGlobal
